# This file is automatically @generated by Poetry 2.1.4 and should not be changed by hand.

[[package]]
name = "gpiod"
version = "2.4.0"
description = "Python bindings for libgpiod"
optional = false
python-versions = ">=3.9.0"
groups = ["main"]
files = [
    {file = "gpiod-2.4.0-cp310-cp310-manylinux2014_aarch64.manylinux_2_17_aarch64.manylinux_2_28_aarch64.whl", hash = "sha256:2a50619f0bc14179469172cd5f72fa9fc868928c1d25d823252e1801bcfb58d8"},
    {file = "gpiod-2.4.0-cp310-cp310-manylinux2014_x86_64.manylinux_2_17_x86_64.manylinux_2_28_x86_64.whl", hash = "sha256:1f5c53f95f1ddbc10a849c991e599fc0bf9fd529aff48aaa2ce3ebf65315ab35"},
    {file = "gpiod-2.4.0-cp310-cp310-musllinux_1_2_aarch64.whl", hash = "sha256:cfc0b31587d05ac9709f52da926f01164d14588cafa47797917914ac17e14fa0"},
    {file = "gpiod-2.4.0-cp310-cp310-musllinux_1_2_x86_64.whl", hash = "sha256:97c05b100fb1c1744371c7f58f70b042c7e3fd072508ada489709d7d61b7713b"},
    {file = "gpiod-2.4.0-cp311-cp311-manylinux2014_aarch64.manylinux_2_17_aarch64.manylinux_2_28_aarch64.whl", hash = "sha256:a77ca84b02a6ae36e5a7391cf466d1d2f1f99313e4850a5a3a31f708e056e89a"},
    {file = "gpiod-2.4.0-cp311-cp311-manylinux2014_x86_64.manylinux_2_17_x86_64.manylinux_2_28_x86_64.whl", hash = "sha256:a60cce6f52fcbbc746b6b1fe7a322d6dc636e29107fa7aabbe9549232a7c2a91"},
    {file = "gpiod-2.4.0-cp311-cp311-musllinux_1_2_aarch64.whl", hash = "sha256:de6e4ff28f80c95e6beb66a2a38a38c62375e2d182193560b81f2c48ea411280"},
    {file = "gpiod-2.4.0-cp311-cp311-musllinux_1_2_x86_64.whl", hash = "sha256:4a1763c121afe05d4adaecd2fcebf7f32478e4f1c7c16b55d0789d518c49cacc"},
    {file = "gpiod-2.4.0-cp312-cp312-manylinux2014_aarch64.manylinux_2_17_aarch64.manylinux_2_28_aarch64.whl", hash = "sha256:7433f9651baaf7ce8cc1269ee36eb981546cb6a078bc654fd1e51d78a8dd12ce"},
    {file = "gpiod-2.4.0-cp312-cp312-manylinux2014_x86_64.manylinux_2_17_x86_64.manylinux_2_28_x86_64.whl", hash = "sha256:d6c373bf64354ee5270eca3a08551aee6bc1b450de94abeb577a33f35c60ea8e"},
    {file = "gpiod-2.4.0-cp312-cp312-musllinux_1_2_aarch64.whl", hash = "sha256:d6bfeeff9379e5cb7a0b586a3a4b89a0b2d0cc2062e5506e1911f9971c0f0eb6"},
    {file = "gpiod-2.4.0-cp312-cp312-musllinux_1_2_x86_64.whl", hash = "sha256:9fe625acfdd3da5ce766098d1c3f2b8300d9a032cd86a3818d54bf4d1826db80"},
    {file = "gpiod-2.4.0-cp313-cp313-manylinux2014_aarch64.manylinux_2_17_aarch64.manylinux_2_28_aarch64.whl", hash = "sha256:dec7722e8d861cab36c3e789acd90ed7f692d7480a4f2cdd39e1fedbaf87395a"},
    {file = "gpiod-2.4.0-cp313-cp313-manylinux2014_x86_64.manylinux_2_17_x86_64.manylinux_2_28_x86_64.whl", hash = "sha256:7352d0a29c2be03faa6e95ba3d02b045e4b14882bb8fc92ec8316272294acc44"},
    {file = "gpiod-2.4.0-cp313-cp313-musllinux_1_2_aarch64.whl", hash = "sha256:34a77bb0f5bf3d8174877b817cfedb839bacc965a7c7149f77b068bbe7c282c1"},
    {file = "gpiod-2.4.0-cp313-cp313-musllinux_1_2_x86_64.whl", hash = "sha256:03720d249191e3aeed66b9c178a65ec2f289e7a5d9ae4d35ec09f39ee27fd8c0"},
    {file = "gpiod-2.4.0-cp314-cp314-manylinux2014_aarch64.manylinux_2_17_aarch64.manylinux_2_28_aarch64.whl", hash = "sha256:75c9ac86275c3cb14779f0fb6e671067ae0d9c20e41b6f18c9487db6897fdd86"},
    {file = "gpiod-2.4.0-cp314-cp314-manylinux2014_x86_64.manylinux_2_17_x86_64.manylinux_2_28_x86_64.whl", hash = "sha256:6eb53c3052b5012bb87e67359254851dad8a2e3134839d871520fdfee3897a0f"},
    {file = "gpiod-2.4.0-cp314-cp314-musllinux_1_2_aarch64.whl", hash = "sha256:ea9e6ff91fc42e456cee1ba9bf955d9b787a29955f645a7bdacbccd243d7b191"},
    {file = "gpiod-2.4.0-cp314-cp314-musllinux_1_2_x86_64.whl", hash = "sha256:d5b321d34f475eb7f8359be2c4181c5098012fb34c92c948f17744704bd66a77"},
    {file = "gpiod-2.4.0-cp39-cp39-manylinux2014_aarch64.manylinux_2_17_aarch64.manylinux_2_28_aarch64.whl", hash = "sha256:509db017383511d6e6e8bb280bd95c713200148af4d1e9d6437f39e51f7954cf"},
    {file = "gpiod-2.4.0-cp39-cp39-manylinux2014_x86_64.manylinux_2_17_x86_64.manylinux_2_28_x86_64.whl", hash = "sha256:961caf463f9e467262bdef603a6aff7f5dfcd3560550cac7002a9d7ac3270888"},
    {file = "gpiod-2.4.0-cp39-cp39-musllinux_1_2_aarch64.whl", hash = "sha256:99e8a21b5568193ad791a80eccd2b851195ab45e748f341ebaf320fd0871a946"},
    {file = "gpiod-2.4.0-cp39-cp39-musllinux_1_2_x86_64.whl", hash = "sha256:2fde6354cbebb374a6b6fc88260d43696c4635e41616fe4be9ab51886ca0397e"},
    {file = "gpiod-2.4.0.tar.gz", hash = "sha256:9243a1a59d084ec749d1df4a1e2f238ffb9d94515b0d9f5335460175143c3aa1"},
]

[[package]]
name = "mpu6050-raspberrypi"
version = "1.2"
description = "A Python module for accessing the MPU-6050 digital accelerometer and gyroscope on a Raspberry Pi."
optional = false
python-versions = "*"
groups = ["main"]
files = [
    {file = "mpu6050-raspberrypi-1.2.tar.gz", hash = "sha256:10801a5fde8af5132ccd77d0c819b7e25b9dc82bde7405aab7f132c6c08a4c4b"},
    {file = "mpu6050_raspberrypi-1.2-py3-none-any.whl", hash = "sha256:89c7dc3e16904ffe9eb2d6b64d464477cbcc00f4640cd563519eefb1d16cf1ba"},
]

[metadata]
lock-version = "2.1"
python-versions = ">=3.14"
content-hash = "a3006c4651db9711b89c556dc7b383792924a1d3835828896541f4b2877a5f5c"
